{
    "_readme": [
        "This file locks the dependencies of your project to a known state",
        "Read more about it at https://getcomposer.org/doc/01-basic-usage.md#installing-dependencies",
        "This file is @generated automatically"
    ],
    "content-hash": "81b929e266d217954542ea3a05008105",
    "packages": [
        {
            "name": "alexkovalevych/jira-api",
            "version": "1.0.5",
            "source": {
                "type": "git",
                "url": "https://github.com/AlexKovalevych/jira-api.git",
                "reference": "69525a2b9bb556b4e187d826fe8f00111510eec5"
            },
            "dist": {
                "type": "zip",
                "url": "https://api.github.com/repos/AlexKovalevych/jira-api/zipball/69525a2b9bb556b4e187d826fe8f00111510eec5",
                "reference": "69525a2b9bb556b4e187d826fe8f00111510eec5",
                "shasum": ""
            },
            "require": {
                "guzzlehttp/guzzle": "~4.0",
                "php": ">=5.4"
            },
            "require-dev": {
                "phpunit/phpunit": "~4.1.0"
            },
            "type": "library",
            "autoload": {
                "psr-4": {
                    "JiraApi\\": "src"
                }
            },
            "notification-url": "https://packagist.org/downloads/",
            "license": [
                "MIT"
            ],
            "authors": [
                {
                    "name": "Luis Cordova",
                    "email": "cordoval@gmail.com",
                    "homepage": "http://github.com/cordoval/fazer"
                },
                {
                    "name": "Alex Kovalevych",
                    "email": "alexkovalevych@gmail.com"
                }
            ],
            "description": "Jira api php library",
            "keywords": [
                "api",
                "community",
                "contributor",
                "git",
                "github",
                "jira",
                "package",
                "pull request"
            ],
            "time": "2014-07-06T00:08:07+00:00"
        },
        {
            "name": "gridonic/hapi",
            "version": "dev-master",
            "source": {
                "type": "git",
                "url": "https://github.com/gridonic/hapi.git",
                "reference": "018c05b548428aa3e8d1040e0e2b1ec75b85adfe"
            },
            "dist": {
                "type": "zip",
                "url": "https://api.github.com/repos/gridonic/hapi/zipball/018c05b548428aa3e8d1040e0e2b1ec75b85adfe",
                "reference": "018c05b548428aa3e8d1040e0e2b1ec75b85adfe",
                "shasum": ""
            },
            "require": {
                "ext-curl": "*",
                "php": ">=5.3.3"
            },
            "require-dev": {
                "phpunit/phpunit": "~4"
            },
            "type": "library",
            "autoload": {
                "psr-0": {
                    "Harvest": "src/"
                }
            },
            "notification-url": "https://packagist.org/downloads/",
            "license": [
                "GPL-3.0"
            ],
            "description": "PHP Wrapper Library for the Harvest API",
            "homepage": "http://github.com/gridonic/hapi",
            "keywords": [
                "Harvest",
                "api"
            ],
            "time": "2017-10-02T20:07:25+00:00"
        },
        {
            "name": "guzzlehttp/guzzle",
            "version": "4.2.3",
            "source": {
                "type": "git",
                "url": "https://github.com/guzzle/guzzle.git",
                "reference": "66fd916e9f9130bc22c51450476823391cb2f67c"
            },
            "dist": {
                "type": "zip",
                "url": "https://api.github.com/repos/guzzle/guzzle/zipball/66fd916e9f9130bc22c51450476823391cb2f67c",
                "reference": "66fd916e9f9130bc22c51450476823391cb2f67c",
                "shasum": ""
            },
            "require": {
                "ext-json": "*",
                "guzzlehttp/streams": "~2.1",
                "php": ">=5.4.0"
            },
            "require-dev": {
                "ext-curl": "*",
                "phpunit/phpunit": "~4.0",
                "psr/log": "~1.0"
            },
            "suggest": {
                "ext-curl": "Guzzle will use specific adapters if cURL is present"
            },
            "type": "library",
            "extra": {
                "branch-alias": {
                    "dev-master": "4.2-dev"
                }
            },
            "autoload": {
                "psr-4": {
                    "GuzzleHttp\\": "src/"
                },
                "files": [
                    "src/functions.php"
                ]
            },
            "notification-url": "https://packagist.org/downloads/",
            "license": [
                "MIT"
            ],
            "authors": [
                {
                    "name": "Michael Dowling",
                    "email": "mtdowling@gmail.com",
                    "homepage": "https://github.com/mtdowling"
                }
            ],
            "description": "Guzzle is a PHP HTTP client library and framework for building RESTful web service clients",
            "homepage": "http://guzzlephp.org/",
            "keywords": [
                "client",
                "curl",
                "framework",
                "http",
                "http client",
                "rest",
                "web service"
            ],
            "time": "2014-10-05T19:29:14+00:00"
        },
        {
            "name": "guzzlehttp/streams",
            "version": "2.1.0",
            "source": {
                "type": "git",
                "url": "https://github.com/guzzle/streams.git",
                "reference": "f91b721d73f0e561410903b3b3c90a5d0e40b534"
            },
            "dist": {
                "type": "zip",
                "url": "https://api.github.com/repos/guzzle/streams/zipball/f91b721d73f0e561410903b3b3c90a5d0e40b534",
                "reference": "f91b721d73f0e561410903b3b3c90a5d0e40b534",
                "shasum": ""
            },
            "require": {
                "php": ">=5.4.0"
            },
            "require-dev": {
                "phpunit/phpunit": "~4.0"
            },
            "type": "library",
            "extra": {
                "branch-alias": {
                    "dev-master": "2.0-dev"
                }
            },
            "autoload": {
                "psr-4": {
                    "GuzzleHttp\\Stream\\": "src/"
                },
                "files": [
                    "src/functions.php"
                ]
            },
            "notification-url": "https://packagist.org/downloads/",
            "license": [
                "MIT"
            ],
            "authors": [
                {
                    "name": "Michael Dowling",
                    "email": "mtdowling@gmail.com",
                    "homepage": "https://github.com/mtdowling"
                }
            ],
            "description": "Provides a simple abstraction over streams of data (Guzzle 4+)",
            "homepage": "http://guzzlephp.org/",
            "keywords": [
                "Guzzle",
                "stream"
            ],
            "time": "2014-08-17T21:15:53+00:00"
        },
        {
            "name": "symfony/console",
            "version": "v2.7.3",
            "source": {
                "type": "git",
                "url": "https://github.com/symfony/console.git",
                "reference": "d6cf02fe73634c96677e428f840704bfbcaec29e"
            },
            "dist": {
                "type": "zip",
                "url": "https://api.github.com/repos/symfony/console/zipball/d6cf02fe73634c96677e428f840704bfbcaec29e",
                "reference": "d6cf02fe73634c96677e428f840704bfbcaec29e",
                "shasum": ""
            },
            "require": {
                "php": ">=5.3.9"
            },
            "require-dev": {
                "psr/log": "~1.0",
                "symfony/event-dispatcher": "~2.1",
                "symfony/phpunit-bridge": "~2.7",
                "symfony/process": "~2.1"
            },
            "suggest": {
                "psr/log": "For using the console logger",
                "symfony/event-dispatcher": "",
                "symfony/process": ""
            },
            "type": "library",
            "extra": {
                "branch-alias": {
                    "dev-master": "2.7-dev"
                }
            },
            "autoload": {
                "psr-4": {
                    "Symfony\\Component\\Console\\": ""
                }
            },
            "notification-url": "https://packagist.org/downloads/",
            "license": [
                "MIT"
            ],
            "authors": [
                {
                    "name": "Fabien Potencier",
                    "email": "fabien@symfony.com"
                },
                {
                    "name": "Symfony Community",
                    "homepage": "https://symfony.com/contributors"
                }
            ],
            "description": "Symfony Console Component",
            "homepage": "https://symfony.com",
            "time": "2015-07-28T15:18:12+00:00"
        },
        {
            "name": "symfony/yaml",
            "version": "v2.7.3",
            "source": {
                "type": "git",
                "url": "https://github.com/symfony/Yaml.git",
                "reference": "71340e996171474a53f3d29111d046be4ad8a0ff"
            },
            "dist": {
                "type": "zip",
                "url": "https://api.github.com/repos/symfony/Yaml/zipball/71340e996171474a53f3d29111d046be4ad8a0ff",
                "reference": "71340e996171474a53f3d29111d046be4ad8a0ff",
                "shasum": ""
            },
            "require": {
                "php": ">=5.3.9"
            },
            "require-dev": {
                "symfony/phpunit-bridge": "~2.7"
            },
            "type": "library",
            "extra": {
                "branch-alias": {
                    "dev-master": "2.7-dev"
                }
            },
            "autoload": {
                "psr-4": {
                    "Symfony\\Component\\Yaml\\": ""
                }
            },
            "notification-url": "https://packagist.org/downloads/",
            "license": [
                "MIT"
            ],
            "authors": [
                {
                    "name": "Fabien Potencier",
                    "email": "fabien@symfony.com"
                },
                {
                    "name": "Symfony Community",
                    "homepage": "https://symfony.com/contributors"
                }
            ],
            "description": "Symfony Yaml Component",
            "homepage": "https://symfony.com",
            "time": "2015-07-28T14:07:07+00:00"
        }
    ],
    "packages-dev": [],
    "aliases": [],
    "minimum-stability": "stable",
    "stability-flags": {
        "gridonic/hapi": 20
    },
    "prefer-stable": false,
    "prefer-lowest": false,
    "platform": {
        "php": ">=5.4.0"
    },
    "platform-dev": []
}
